# SMACHA sub-script for picking a block object from a specified
# location using the Baxter simulator.
- PICK_BLOCK:
    template: StateMachine
    outcomes: [succeeded, aborted, preempted]
    userdata: {open_command: open, close_command: close}
    input_keys: [limb, pick_pose, hover_offset]
    states:
      - IK_PICK_BLOCK_HOVER_POSE:
          template: PoseToJointTrajServiceState
          remapping: {limb: limb, poses: pick_pose, offsets: hover_offset, joints: ik_joint_response_block_pick_hover_pose}
          transitions: {succeeded: MOVE_TO_PICK_BLOCK_HOVER_POSE}

      - MOVE_TO_PICK_BLOCK_HOVER_POSE:
          template: MoveToJointPositionsState
          remapping: {limb: limb, positions: ik_joint_response_block_pick_hover_pose}
          transitions: {succeeded: OPEN_GRIPPER}
      
      - OPEN_GRIPPER:
          template: GripperInterfaceState
          remapping: {limb: limb, command: open_command}
          transitions: {succeeded: IK_PICK_BLOCK_GRIP_POSE}
      
      - IK_PICK_BLOCK_GRIP_POSE:    
          template: PoseToJointTrajServiceState
          remapping: {limb: limb, poses: pick_pose, joints: ik_joint_response_block_pick_pose}
          transitions: {succeeded: MOVE_TO_PICK_BLOCK_GRIP_POSE}

      - MOVE_TO_PICK_BLOCK_GRIP_POSE:
          template: MoveToJointPositionsState
          remapping: {limb: limb, positions: ik_joint_response_block_pick_pose}
          transitions: {succeeded: CLOSE_GRIPPER}
      
      - CLOSE_GRIPPER:
          template: GripperInterfaceState
          remapping: {limb: limb, command: close_command}
          transitions: {succeeded: MOVE_TO_GRIPPED_BLOCK_HOVER_POSE}
          
      - MOVE_TO_GRIPPED_BLOCK_HOVER_POSE:
          template: MoveToJointPositionsState
          remapping: {limb: limb, positions: ik_joint_response_block_pick_hover_pose}
          transitions: {succeeded: succeeded}
